
Microsoft Visual Studio Solution File, Format Version 12.00
Project("{FAE04EC0-301F-11D3-BF4B-00C04F79EFBC}") = "CustomChatColors", "CustomChatColors\CustomChatColors.csproj", "{4E66C6D8-1DCD-4A6E-A353-6EE6D4C119CA}"
EndProject
Global
	GlobalSection(SolutionConfigurationPlatforms) = preSolution
		Debug|Any CPU = Debug|Any CPU
		Release|Any CPU = Release|Any CPU
	EndGlobalSection
	GlobalSection(ProjectConfigurationPlatforms) = postSolution
		{4E66C6D8-1DCD-4A6E-A353-6EE6D4C119CA}.Debug|Any CPU.ActiveCfg = Debug|Any CPU
		{4E66C6D8-1DCD-4A6E-A353-6EE6D4C119CA}.Debug|Any CPU.Build.0 = Debug|Any CPU
		{4E66C6D8-1DCD-4A6E-A353-6EE6D4C119CA}.Release|Any CPU.ActiveCfg = Release|Any CPU
		{4E66C6D8-1DCD-4A6E-A353-6EE6D4C119CA}.Release|Any CPU.Build.0 = Release|Any CPU
	EndGlobalSection
EndGlobal
